
Microsoft Visual Studio Solution File, Format Version 12.00
# Visual Studio 15
VisualStudioVersion = 15.0.28307.168
MinimumVisualStudioVersion = 10.0.40219.1
Project("{FAE04EC0-301F-11D3-BF4B-00C04F79EFBC}") = "ClipboardManager", "ClipboardManager\ClipboardManager.csproj", "{9F2FF459-7908-4BEA-A929-1BFAB54EBC46}"
EndProject
Global
	GlobalSection(SolutionConfigurationPlatforms) = preSolution
		Debug|Any CPU = Debug|Any CPU
		Debug|x64 = Debug|x64
		Release|Any CPU = Release|Any CPU
		Release|x64 = Release|x64
	EndGlobalSection
	GlobalSection(ProjectConfigurationPlatforms) = postSolution
		{9F2FF459-7908-4BEA-A929-1BFAB54EBC46}.Debug|Any CPU.ActiveCfg = Debug|Any CPU
		{9F2FF459-7908-4BEA-A929-1BFAB54EBC46}.Debug|Any CPU.Build.0 = Debug|Any CPU
		{9F2FF459-7908-4BEA-A929-1BFAB54EBC46}.Debug|x64.ActiveCfg = Debug|x64
		{9F2FF459-7908-4BEA-A929-1BFAB54EBC46}.Debug|x64.Build.0 = Debug|x64
		{9F2FF459-7908-4BEA-A929-1BFAB54EBC46}.Release|Any CPU.ActiveCfg = Release|Any CPU
		{9F2FF459-7908-4BEA-A929-1BFAB54EBC46}.Release|Any CPU.Build.0 = Release|Any CPU
		{9F2FF459-7908-4BEA-A929-1BFAB54EBC46}.Release|x64.ActiveCfg = Release|x64
		{9F2FF459-7908-4BEA-A929-1BFAB54EBC46}.Release|x64.Build.0 = Release|x64
	EndGlobalSection
	GlobalSection(SolutionProperties) = preSolution
		HideSolutionNode = FALSE
	EndGlobalSection
	GlobalSection(ExtensibilityGlobals) = postSolution
		SolutionGuid = {4841EF19-27A7-4372-9A44-46C9949B06C0}
	EndGlobalSection
EndGlobal
